
Microsoft Visual Studio Solution File, Format Version 12.00
# Visual Studio Version 17
VisualStudioVersion = 17.3.32901.215
MinimumVisualStudioVersion = 10.0.40219.1
Project("{FAE04EC0-301F-11D3-BF4B-00C04F79EFBC}") = "HCSR05_Distance_Sensor", "HCSR05_Distance_Sensor\HCSR05_Distance_Sensor.csproj", "{6E3723C2-B38B-43AD-AFB7-6E7D27FB2150}"
EndProject
Global
	GlobalSection(SolutionConfigurationPlatforms) = preSolution
		Debug|Any CPU = Debug|Any CPU
		Release|Any CPU = Release|Any CPU
	EndGlobalSection
	GlobalSection(ProjectConfigurationPlatforms) = postSolution
		{6E3723C2-B38B-43AD-AFB7-6E7D27FB2150}.Debug|Any CPU.ActiveCfg = Debug|Any CPU
		{6E3723C2-B38B-43AD-AFB7-6E7D27FB2150}.Debug|Any CPU.Build.0 = Debug|Any CPU
		{6E3723C2-B38B-43AD-AFB7-6E7D27FB2150}.Release|Any CPU.ActiveCfg = Release|Any CPU
		{6E3723C2-B38B-43AD-AFB7-6E7D27FB2150}.Release|Any CPU.Build.0 = Release|Any CPU
	EndGlobalSection
	GlobalSection(SolutionProperties) = preSolution
		HideSolutionNode = FALSE
	EndGlobalSection
	GlobalSection(ExtensibilityGlobals) = postSolution
		SolutionGuid = {D3D29697-902F-4907-8815-3388DD3706B7}
	EndGlobalSection
EndGlobal
